
Microsoft Visual Studio Solution File, Format Version 12.00
# Visual Studio Version 17
VisualStudioVersion = 17.12.35728.132 d17.12
MinimumVisualStudioVersion = 10.0.40219.1
Project("{FAE04EC0-301F-11D3-BF4B-00C04F79EFBC}") = "StringLibrary", "StringLibrary\StringLibrary.csproj", "{D359B3D5-1DBC-4883-BD8A-9CCE029CF478}"
EndProject
Project("{FAE04EC0-301F-11D3-BF4B-00C04F79EFBC}") = "ShowCase", "ShowCase\ShowCase.csproj", "{0034F473-430E-4BFB-AFF1-3A03A0A431B7}"
EndProject
Project("{2150E333-8FDC-42A3-9474-1A3956D46DE8}") = "Solution Items", "Solution Items", "{6B70A88C-46D3-4144-BEDC-667343B830B3}"
	ProjectSection(SolutionItems) = preProject
		.gitignore.txt = .gitignore.txt
	EndProjectSection
EndProject
Global
	GlobalSection(SolutionConfigurationPlatforms) = preSolution
		Debug|Any CPU = Debug|Any CPU
		Release|Any CPU = Release|Any CPU
	EndGlobalSection
	GlobalSection(ProjectConfigurationPlatforms) = postSolution
		{D359B3D5-1DBC-4883-BD8A-9CCE029CF478}.Debug|Any CPU.ActiveCfg = Debug|Any CPU
		{D359B3D5-1DBC-4883-BD8A-9CCE029CF478}.Debug|Any CPU.Build.0 = Debug|Any CPU
		{D359B3D5-1DBC-4883-BD8A-9CCE029CF478}.Release|Any CPU.ActiveCfg = Release|Any CPU
		{D359B3D5-1DBC-4883-BD8A-9CCE029CF478}.Release|Any CPU.Build.0 = Release|Any CPU
		{0034F473-430E-4BFB-AFF1-3A03A0A431B7}.Debug|Any CPU.ActiveCfg = Debug|Any CPU
		{0034F473-430E-4BFB-AFF1-3A03A0A431B7}.Debug|Any CPU.Build.0 = Debug|Any CPU
		{0034F473-430E-4BFB-AFF1-3A03A0A431B7}.Release|Any CPU.ActiveCfg = Release|Any CPU
		{0034F473-430E-4BFB-AFF1-3A03A0A431B7}.Release|Any CPU.Build.0 = Release|Any CPU
	EndGlobalSection
	GlobalSection(SolutionProperties) = preSolution
		HideSolutionNode = FALSE
	EndGlobalSection
EndGlobal
